
Microsoft Visual Studio Solution File, Format Version 12.00
# Visual Studio Version 16
VisualStudioVersion = 16.0.34031.81
MinimumVisualStudioVersion = 10.0.40219.1
Project("{FAE04EC0-301F-11D3-BF4B-00C04F79EFBC}") = "AdiMenTestTask", "AdiMenTestTask\AdiMenTestTask.csproj", "{0D7E7153-183C-477D-9147-F42DF3EF3D96}"
EndProject
Global
	GlobalSection(SolutionConfigurationPlatforms) = preSolution
		Debug|Any CPU = Debug|Any CPU
		Release|Any CPU = Release|Any CPU
	EndGlobalSection
	GlobalSection(ProjectConfigurationPlatforms) = postSolution
		{0D7E7153-183C-477D-9147-F42DF3EF3D96}.Debug|Any CPU.ActiveCfg = Debug|Any CPU
		{0D7E7153-183C-477D-9147-F42DF3EF3D96}.Debug|Any CPU.Build.0 = Debug|Any CPU
		{0D7E7153-183C-477D-9147-F42DF3EF3D96}.Release|Any CPU.ActiveCfg = Release|Any CPU
		{0D7E7153-183C-477D-9147-F42DF3EF3D96}.Release|Any CPU.Build.0 = Release|Any CPU
	EndGlobalSection
	GlobalSection(SolutionProperties) = preSolution
		HideSolutionNode = FALSE
	EndGlobalSection
	GlobalSection(ExtensibilityGlobals) = postSolution
		SolutionGuid = {2F0ECDC3-161D-4B5C-8B31-F5ACCEB68BFB}
	EndGlobalSection
EndGlobal
